
Microsoft Visual Studio Solution File, Format Version 12.00
# Visual Studio 15
VisualStudioVersion = 15.0.27703.2042
MinimumVisualStudioVersion = 10.0.40219.1
Project("{FAE04EC0-301F-11D3-BF4B-00C04F79EFBC}") = "BeamPlugin", "BeamPlugin\BeamPlugin.csproj", "{A63AC6BE-697A-4F73-AE92-CFC920F808F1}"
EndProject
Global
	GlobalSection(SolutionConfigurationPlatforms) = preSolution
		Debug|Any CPU = Debug|Any CPU
		Release|Any CPU = Release|Any CPU
	EndGlobalSection
	GlobalSection(ProjectConfigurationPlatforms) = postSolution
		{A63AC6BE-697A-4F73-AE92-CFC920F808F1}.Debug|Any CPU.ActiveCfg = Debug|Any CPU
		{A63AC6BE-697A-4F73-AE92-CFC920F808F1}.Debug|Any CPU.Build.0 = Debug|Any CPU
		{A63AC6BE-697A-4F73-AE92-CFC920F808F1}.Release|Any CPU.ActiveCfg = Release|Any CPU
		{A63AC6BE-697A-4F73-AE92-CFC920F808F1}.Release|Any CPU.Build.0 = Release|Any CPU
	EndGlobalSection
	GlobalSection(SolutionProperties) = preSolution
		HideSolutionNode = FALSE
	EndGlobalSection
	GlobalSection(ExtensibilityGlobals) = postSolution
		SolutionGuid = {3A06CFC2-8F87-41A3-A137-F9F9F3DFD500}
	EndGlobalSection
EndGlobal
